// !$*UTF8*$!
{
	archiveVersion = 1;
	classes = {
	};
	objectVersion = 46;
	objects = {

/* Begin PBXBuildFile section */
		588286681CC378BF00D12975 /* AppDelegate.swift in Sources */ = {isa = PBXBuildFile; fileRef = 588286671CC378BF00D12975 /* AppDelegate.swift */; };
		5882866A1CC378BF00D12975 /* ViewController.swift in Sources */ = {isa = PBXBuildFile; fileRef = 588286691CC378BF00D12975 /* ViewController.swift */; };
		5882866D1CC378BF00D12975 /* Main.storyboard in Resources */ = {isa = PBXBuildFile; fileRef = 5882866B1CC378BF00D12975 /* Main.storyboard */; };
		5882866F1CC378BF00D12975 /* Assets.xcassets in Resources */ = {isa = PBXBuildFile; fileRef = 5882866E1CC378BF00D12975 /* Assets.xcassets */; };
		588286721CC378BF00D12975 /* LaunchScreen.storyboard in Resources */ = {isa = PBXBuildFile; fileRef = 588286701CC378BF00D12975 /* LaunchScreen.storyboard */; };
		5882867A1CC3807200D12975 /* CollectionViewCell.swift in Sources */ = {isa = PBXBuildFile; fileRef = 588286791CC3807200D12975 /* CollectionViewCell.swift */; };
		5882867C1CC3809200D12975 /* CollectionViewCell.xib in Resources */ = {isa = PBXBuildFile; fileRef = 5882867B1CC3809200D12975 /* CollectionViewCell.xib */; };
		5882867E1CC389BE00D12975 /* CustomLayout.swift in Sources */ = {isa = PBXBuildFile; fileRef = 5882867D1CC389BE00D12975 /* CustomLayout.swift */; };
/* End PBXBuildFile section */

/* Begin PBXFileReference section */
		588286641CC378BF00D12975 /* CollectionViewSample.app */ = {isa = PBXFileReference; explicitFileType = wrapper.application; includeInIndex = 0; path = CollectionViewSample.app; sourceTree = BUILT_PRODUCTS_DIR; };
		588286671CC378BF00D12975 /* AppDelegate.swift */ = {isa = PBXFileReference; lastKnownFileType = sourcecode.swift; path = AppDelegate.swift; sourceTree = "<group>"; };
		588286691CC378BF00D12975 /* ViewController.swift */ = {isa = PBXFileReference; lastKnownFileType = sourcecode.swift; path = ViewController.swift; sourceTree = "<group>"; };
		5882866C1CC378BF00D12975 /* Base */ = {isa = PBXFileReference; lastKnownFileType = file.storyboard; name = Base; path = Base.lproj/Main.storyboard; sourceTree = "<group>"; };
		5882866E1CC378BF00D12975 /* Assets.xcassets */ = {isa = PBXFileReference; lastKnownFileType = folder.assetcatalog; path = Assets.xcassets; sourceTree = "<group>"; };
		588286711CC378BF00D12975 /* Base */ = {isa = PBXFileReference; lastKnownFileType = file.storyboard; name = Base; path = Base.lproj/LaunchScreen.storyboard; sourceTree = "<group>"; };
		588286731CC378BF00D12975 /* Info.plist */ = {isa = PBXFileReference; lastKnownFileType = text.plist.xml; path = Info.plist; sourceTree = "<group>"; };
		588286791CC3807200D12975 /* CollectionViewCell.swift */ = {isa = PBXFileReference; fileEncoding = 4; lastKnownFileType = sourcecode.swift; path = CollectionViewCell.swift; sourceTree = "<group>"; };
		5882867B1CC3809200D12975 /* CollectionViewCell.xib */ = {isa = PBXFileReference; fileEncoding = 4; lastKnownFileType = file.xib; path = CollectionViewCell.xib; sourceTree = "<group>"; };
		5882867D1CC389BE00D12975 /* CustomLayout.swift */ = {isa = PBXFileReference; fileEncoding = 4; lastKnownFileType = sourcecode.swift; path = CustomLayout.swift; sourceTree = "<group>"; };
/* End PBXFileReference section */

/* Begin PBXFrameworksBuildPhase section */
		588286611CC378BF00D12975 /* Frameworks */ = {
			isa = PBXFrameworksBuildPhase;
			buildActionMask = 2147483647;
			files = (
			);
			runOnlyForDeploymentPostprocessing = 0;
		};
/* End PBXFrameworksBuildPhase section */

/* Begin PBXGroup section */
		5882865B1CC378BF00D12975 = {
			isa = PBXGroup;
			children = (
				588286661CC378BF00D12975 /* CollectionViewSample */,
				588286651CC378BF00D12975 /* Products */,
			);
			sourceTree = "<group>";
		};
		588286651CC378BF00D12975 /* Products */ = {
			isa = PBXGroup;
			children = (
				588286641CC378BF00D12975 /* CollectionViewSample.app */,
			);
			name = Products;
			sourceTree = "<group>";
		};
		588286661CC378BF00D12975 /* CollectionViewSample */ = {
			isa = PBXGroup;
			children = (
				588286791CC3807200D12975 /* CollectionViewCell.swift */,
				5882867B1CC3809200D12975 /* CollectionViewCell.xib */,
				588286671CC378BF00D12975 /* AppDelegate.swift */,
				588286691CC378BF00D12975 /* ViewController.swift */,
				5882866B1CC378BF00D12975 /* Main.storyboard */,
				5882866E1CC378BF00D12975 /* Assets.xcassets */,
				588286701CC378BF00D12975 /* LaunchScreen.storyboard */,
				588286731CC378BF00D12975 /* Info.plist */,
				5882867D1CC389BE00D12975 /* CustomLayout.swift */,
			);
			path = CollectionViewSample;
			sourceTree = "<group>";
		};
/* End PBXGroup section */

/* Begin PBXNativeTarget section */
		588286631CC378BF00D12975 /* CollectionViewSample */ = {
			isa = PBXNativeTarget;
			buildConfigurationList = 588286761CC378BF00D12975 /* Build configuration list for PBXNativeTarget "CollectionViewSample" */;
			buildPhases = (
				588286601CC378BF00D12975 /* Sources */,
				588286611CC378BF00D12975 /* Frameworks */,
				588286621CC378BF00D12975 /* Resources */,
			);
			buildRules = (
			);
			dependencies = (
			);
			name = CollectionViewSample;
			productName = CollectionViewSample;
			productReference = 588286641CC378BF00D12975 /* CollectionViewSample.app */;
			productType = "com.apple.product-type.application";
		};
/* End PBXNativeTarget section */

/* Begin PBXProject section */
		5882865C1CC378BF00D12975 /* Project object */ = {
			isa = PBXProject;
			attributes = {
				LastSwiftUpdateCheck = 0730;
				LastUpgradeCheck = 0730;
				ORGANIZATIONNAME = okysoft;
				TargetAttributes = {
					588286631CC378BF00D12975 = {
						CreatedOnToolsVersion = 7.3;
					};
				};
			};
			buildConfigurationList = 5882865F1CC378BF00D12975 /* Build configuration list for PBXProject "CollectionViewSample" */;
			compatibilityVersion = "Xcode 3.2";
			developmentRegion = English;
			hasScannedForEncodings = 0;
			knownRegions = (
				en,
				Base,
			);
			mainGroup = 5882865B1CC378BF00D12975;
			productRefGroup = 588286651CC378BF00D12975 /* Products */;
			projectDirPath = "";
			projectRoot = "";
			targets = (
				588286631CC378BF00D12975 /* CollectionViewSample */,
			);
		};
/* End PBXProject section */

/* Begin PBXResourcesBuildPhase section */
		588286621CC378BF00D12975 /* Resources */ = {
			isa = PBXResourcesBuildPhase;
			buildActionMask = 2147483647;
			files = (
				588286721CC378BF00D12975 /* LaunchScreen.storyboard in Resources */,
				5882866F1CC378BF00D12975 /* Assets.xcassets in Resources */,
				5882867C1CC3809200D12975 /* CollectionViewCell.xib in Resources */,
				5882866D1CC378BF00D12975 /* Main.storyboard in Resources */,
			);
			runOnlyForDeploymentPostprocessing = 0;
		};
/* End PBXResourcesBuildPhase section */

/* Begin PBXSourcesBuildPhase section */
		588286601CC378BF00D12975 /* Sources */ = {
			isa = PBXSourcesBuildPhase;
			buildActionMask = 2147483647;
			files = (
				5882866A1CC378BF00D12975 /* ViewController.swift in Sources */,
				588286681CC378BF00D12975 /* AppDelegate.swift in Sources */,
				5882867E1CC389BE00D12975 /* CustomLayout.swift in Sources */,
				5882867A1CC3807200D12975 /* CollectionViewCell.swift in Sources */,
			);
			runOnlyForDeploymentPostprocessing = 0;
		};
/* End PBXSourcesBuildPhase section */

/* Begin PBXVariantGroup section */
		5882866B1CC378BF00D12975 /* Main.storyboard */ = {
			isa = PBXVariantGroup;
			children = (
				5882866C1CC378BF00D12975 /* Base */,
			);
			name = Main.storyboard;
			sourceTree = "<group>";
		};
		588286701CC378BF00D12975 /* LaunchScreen.storyboard */ = {
			isa = PBXVariantGroup;
			children = (
				588286711CC378BF00D12975 /* Base */,
			);
			name = LaunchScreen.storyboard;
			sourceTree = "<group>";
		};
/* End PBXVariantGroup section */

/* Begin XCBuildConfiguration section */
		588286741CC378BF00D12975 /* Debug */ = {
			isa = XCBuildConfiguration;
			buildSettings = {
				ALWAYS_SEARCH_USER_PATHS = NO;
				CLANG_ANALYZER_NONNULL = YES;
				CLANG_CXX_LANGUAGE_STANDARD = "gnu++0x";
				CLANG_CXX_LIBRARY = "libc++";
				CLANG_ENABLE_MODULES = YES;
				CLANG_ENABLE_OBJC_ARC = YES;
				CLANG_WARN_BOOL_CONVERSION = YES;
				CLANG_WARN_CONSTANT_CONVERSION = YES;
				CLANG_WARN_DIRECT_OBJC_ISA_USAGE = YES_ERROR;
				CLANG_WARN_EMPTY_BODY = YES;
				CLANG_WARN_ENUM_CONVERSION = YES;
				CLANG_WARN_INT_CONVERSION = YES;
				CLANG_WARN_OBJC_ROOT_CLASS = YES_ERROR;
				CLANG_WARN_UNREACHABLE_CODE = YES;
				CLANG_WARN__DUPLICATE_METHOD_MATCH = YES;
				"CODE_SIGN_IDENTITY[sdk=iphoneos*]" = "iPhone Developer";
				COPY_PHASE_STRIP = NO;
				DEBUG_INFORMATION_FORMAT = dwarf;
				ENABLE_STRICT_OBJC_MSGSEND = YES;
				ENABLE_TESTABILITY = YES;
				GCC_C_LANGUAGE_STANDARD = gnu99;
				GCC_DYNAMIC_NO_PIC = NO;
				GCC_NO_COMMON_BLOCKS = YES;
				GCC_OPTIMIZATION_LEVEL = 0;
				GCC_PREPROCESSOR_DEFINITIONS = (
					"DEBUG=1",
					"$(inherited)",
				);
				GCC_WARN_64_TO_32_BIT_CONVERSION = YES;
				GCC_WARN_ABOUT_RETURN_TYPE = YES_ERROR;
				GCC_WARN_UNDECLARED_SELECTOR = YES;
				GCC_WARN_UNINITIALIZED_AUTOS = YES_AGGRESSIVE;
				GCC_WARN_UNUSED_FUNCTION = YES;
				GCC_WARN_UNUSED_VARIABLE = YES;
				IPHONEOS_DEPLOYMENT_TARGET = 9.3;
				MTL_ENABLE_DEBUG_INFO = YES;
				ONLY_ACTIVE_ARCH = YES;
				SDKROOT = iphoneos;
				SWIFT_OPTIMIZATION_LEVEL = "-Onone";
				TARGETED_DEVICE_FAMILY = "1,2";
			};
			name = Debug;
		};
		588286751CC378BF00D12975 /* Release */ = {
			isa = XCBuildConfiguration;
			buildSettings = {
				ALWAYS_SEARCH_USER_PATHS = NO;
				CLANG_ANALYZER_NONNULL = YES;
				CLANG_CXX_LANGUAGE_STANDARD = "gnu++0x";
				CLANG_CXX_LIBRARY = "libc++";
				CLANG_ENABLE_MODULES = YES;
				CLANG_ENABLE_OBJC_ARC = YES;
				CLANG_WARN_BOOL_CONVERSION = YES;
				CLANG_WARN_CONSTANT_CONVERSION = YES;
				CLANG_WARN_DIRECT_OBJC_ISA_USAGE = YES_ERROR;
				CLANG_WARN_EMPTY_BODY = YES;
				CLANG_WARN_ENUM_CONVERSION = YES;
				CLANG_WARN_INT_CONVERSION = YES;
				CLANG_WARN_OBJC_ROOT_CLASS = YES_ERROR;
				CLANG_WARN_UNREACHABLE_CODE = YES;
				CLANG_WARN__DUPLICATE_METHOD_MATCH = YES;
				"CODE_SIGN_IDENTITY[sdk=iphoneos*]" = "iPhone Developer";
				COPY_PHASE_STRIP = NO;
				DEBUG_INFORMATION_FORMAT = "dwarf-with-dsym";
				ENABLE_NS_ASSERTIONS = NO;
				ENABLE_STRICT_OBJC_MSGSEND = YES;
				GCC_C_LANGUAGE_STANDARD = gnu99;
				GCC_NO_COMMON_BLOCKS = YES;
				GCC_WARN_64_TO_32_BIT_CONVERSION = YES;
				GCC_WARN_ABOUT_RETURN_TYPE = YES_ERROR;
				GCC_WARN_UNDECLARED_SELECTOR = YES;
				GCC_WARN_UNINITIALIZED_AUTOS = YES_AGGRESSIVE;
				GCC_WARN_UNUSED_FUNCTION = YES;
				GCC_WARN_UNUSED_VARIABLE = YES;
				IPHONEOS_DEPLOYMENT_TARGET = 9.3;
				MTL_ENABLE_DEBUG_INFO = NO;
				SDKROOT = iphoneos;
				TARGETED_DEVICE_FAMILY = "1,2";
				VALIDATE_PRODUCT = YES;
			};
			name = Release;
		};
		588286771CC378BF00D12975 /* Debug */ = {
			isa = XCBuildConfiguration;
			buildSettings = {
				ASSETCATALOG_COMPILER_APPICON_NAME = AppIcon;
				INFOPLIST_FILE = CollectionViewSample/Info.plist;
				LD_RUNPATH_SEARCH_PATHS = "$(inherited) @executable_path/Frameworks";
				PRODUCT_BUNDLE_IDENTIFIER = okysoft.CollectionViewSample;
				PRODUCT_NAME = "$(TARGET_NAME)";
			};
			name = Debug;
		};
		588286781CC378BF00D12975 /* Release */ = {
			isa = XCBuildConfiguration;
			buildSettings = {
				ASSETCATALOG_COMPILER_APPICON_NAME = AppIcon;
				INFOPLIST_FILE = CollectionViewSample/Info.plist;
				LD_RUNPATH_SEARCH_PATHS = "$(inherited) @executable_path/Frameworks";
				PRODUCT_BUNDLE_IDENTIFIER = okysoft.CollectionViewSample;
				PRODUCT_NAME = "$(TARGET_NAME)";
			};
			name = Release;
		};
/* End XCBuildConfiguration section */

/* Begin XCConfigurationList section */
		5882865F1CC378BF00D12975 /* Build configuration list for PBXProject "CollectionViewSample" */ = {
			isa = XCConfigurationList;
			buildConfigurations = (
				588286741CC378BF00D12975 /* Debug */,
				588286751CC378BF00D12975 /* Release */,
			);
			defaultConfigurationIsVisible = 0;
			defaultConfigurationName = Release;
		};
		588286761CC378BF00D12975 /* Build configuration list for PBXNativeTarget "CollectionViewSample" */ = {
			isa = XCConfigurationList;
			buildConfigurations = (
				588286771CC378BF00D12975 /* Debug */,
				588286781CC378BF00D12975 /* Release */,
			);
			defaultConfigurationIsVisible = 0;
		};
/* End XCConfigurationList section */
	};
	rootObject = 5882865C1CC378BF00D12975 /* Project object */;
}
